
Microsoft Visual Studio Solution File, Format Version 12.00
# Visual Studio Version 16
VisualStudioVersion = 16.0.31424.327
MinimumVisualStudioVersion = 10.0.40219.1
Project("{9A19103F-16F7-4668-BE54-9A1E7A4F7556}") = "Vigant", "Vigant\Vigant.csproj", "{A17DF827-A59C-4157-B3DC-D79A42829B39}"
EndProject
Project("{FAE04EC0-301F-11D3-BF4B-00C04F79EFBC}") = "Vigant.Tests", "Vigant.Tests\Vigant.Tests.csproj", "{7C2E3465-A714-47A8-BFCD-41EA10EFA356}"
EndProject
Global
	GlobalSection(SolutionConfigurationPlatforms) = preSolution
		Debug|Any CPU = Debug|Any CPU
		Release|Any CPU = Release|Any CPU
	EndGlobalSection
	GlobalSection(ProjectConfigurationPlatforms) = postSolution
		{A17DF827-A59C-4157-B3DC-D79A42829B39}.Debug|Any CPU.ActiveCfg = Debug|Any CPU
		{A17DF827-A59C-4157-B3DC-D79A42829B39}.Debug|Any CPU.Build.0 = Debug|Any CPU
		{A17DF827-A59C-4157-B3DC-D79A42829B39}.Release|Any CPU.ActiveCfg = Release|Any CPU
		{A17DF827-A59C-4157-B3DC-D79A42829B39}.Release|Any CPU.Build.0 = Release|Any CPU
		{7C2E3465-A714-47A8-BFCD-41EA10EFA356}.Debug|Any CPU.ActiveCfg = Debug|Any CPU
		{7C2E3465-A714-47A8-BFCD-41EA10EFA356}.Debug|Any CPU.Build.0 = Debug|Any CPU
		{7C2E3465-A714-47A8-BFCD-41EA10EFA356}.Release|Any CPU.ActiveCfg = Release|Any CPU
		{7C2E3465-A714-47A8-BFCD-41EA10EFA356}.Release|Any CPU.Build.0 = Release|Any CPU
	EndGlobalSection
	GlobalSection(SolutionProperties) = preSolution
		HideSolutionNode = FALSE
	EndGlobalSection
	GlobalSection(ExtensibilityGlobals) = postSolution
		SolutionGuid = {8BADA931-EECC-492B-AF88-DCFC1277CF26}
	EndGlobalSection
EndGlobal
